
Microsoft Visual Studio Solution File, Format Version 12.00
# Visual Studio Version 16
VisualStudioVersion = 16.0.31729.503
MinimumVisualStudioVersion = 10.0.40219.1
Project("{FAE04EC0-301F-11D3-BF4B-00C04F79EFBC}") = "Reflection", "Reflection\Reflection.csproj", "{ACD9CC95-3DA5-411C-B035-FC5507B1691C}"
EndProject
Global
	GlobalSection(SolutionConfigurationPlatforms) = preSolution
		Debug|Any CPU = Debug|Any CPU
		Release|Any CPU = Release|Any CPU
	EndGlobalSection
	GlobalSection(ProjectConfigurationPlatforms) = postSolution
		{ACD9CC95-3DA5-411C-B035-FC5507B1691C}.Debug|Any CPU.ActiveCfg = Debug|Any CPU
		{ACD9CC95-3DA5-411C-B035-FC5507B1691C}.Debug|Any CPU.Build.0 = Debug|Any CPU
		{ACD9CC95-3DA5-411C-B035-FC5507B1691C}.Release|Any CPU.ActiveCfg = Release|Any CPU
		{ACD9CC95-3DA5-411C-B035-FC5507B1691C}.Release|Any CPU.Build.0 = Release|Any CPU
	EndGlobalSection
	GlobalSection(SolutionProperties) = preSolution
		HideSolutionNode = FALSE
	EndGlobalSection
	GlobalSection(ExtensibilityGlobals) = postSolution
		SolutionGuid = {8F2CB431-B9E9-47EE-AC6D-8197AF708BA5}
	EndGlobalSection
EndGlobal
